
Microsoft Visual Studio Solution File, Format Version 12.00
# Visual Studio Version 17
VisualStudioVersion = 17.0.0.0
MinimumVisualStudioVersion = 10.0.40219.1
Project("{FAE04EC0-301F-11D3-BF4B-00C04F79EFBC}") = "YtDlpGui", "src\YtDlpGui\YtDlpGui.csproj", "{1D5B7E7D-7E36-4B5F-9E5D-9C7B7D2C9D11}"
EndProject
Project("{2150E333-8FDC-42A3-9474-1A3956D46DE8}") = "tests", "tests", "{0AB3BF05-4346-4AA6-1389-037BE0695223}"
EndProject
Project("{FAE04EC0-301F-11D3-BF4B-00C04F79EFBC}") = "YtDlpGui.Tests", "tests\YtDlpGui.Tests\YtDlpGui.Tests.csproj", "{07D15B3F-FE01-4DBB-83AE-F879C668B96D}"
EndProject
Project("{2150E333-8FDC-42A3-9474-1A3956D46DE8}") = "src", "src", "{827E0CD3-B72D-47B6-A68D-7590B98EB39B}"
EndProject
Global
	GlobalSection(SolutionConfigurationPlatforms) = preSolution
		Debug|Any CPU = Debug|Any CPU
		Debug|x64 = Debug|x64
		Debug|x86 = Debug|x86
		Release|Any CPU = Release|Any CPU
		Release|x64 = Release|x64
		Release|x86 = Release|x86
	EndGlobalSection
	GlobalSection(ProjectConfigurationPlatforms) = postSolution
		{1D5B7E7D-7E36-4B5F-9E5D-9C7B7D2C9D11}.Debug|Any CPU.ActiveCfg = Debug|Any CPU
		{1D5B7E7D-7E36-4B5F-9E5D-9C7B7D2C9D11}.Debug|Any CPU.Build.0 = Debug|Any CPU
		{1D5B7E7D-7E36-4B5F-9E5D-9C7B7D2C9D11}.Debug|x64.ActiveCfg = Debug|Any CPU
		{1D5B7E7D-7E36-4B5F-9E5D-9C7B7D2C9D11}.Debug|x64.Build.0 = Debug|Any CPU
		{1D5B7E7D-7E36-4B5F-9E5D-9C7B7D2C9D11}.Debug|x86.ActiveCfg = Debug|Any CPU
		{1D5B7E7D-7E36-4B5F-9E5D-9C7B7D2C9D11}.Debug|x86.Build.0 = Debug|Any CPU
		{1D5B7E7D-7E36-4B5F-9E5D-9C7B7D2C9D11}.Release|Any CPU.ActiveCfg = Release|Any CPU
		{1D5B7E7D-7E36-4B5F-9E5D-9C7B7D2C9D11}.Release|Any CPU.Build.0 = Release|Any CPU
		{1D5B7E7D-7E36-4B5F-9E5D-9C7B7D2C9D11}.Release|x64.ActiveCfg = Release|Any CPU
		{1D5B7E7D-7E36-4B5F-9E5D-9C7B7D2C9D11}.Release|x64.Build.0 = Release|Any CPU
		{1D5B7E7D-7E36-4B5F-9E5D-9C7B7D2C9D11}.Release|x86.ActiveCfg = Release|Any CPU
		{1D5B7E7D-7E36-4B5F-9E5D-9C7B7D2C9D11}.Release|x86.Build.0 = Release|Any CPU
		{07D15B3F-FE01-4DBB-83AE-F879C668B96D}.Debug|Any CPU.ActiveCfg = Debug|Any CPU
		{07D15B3F-FE01-4DBB-83AE-F879C668B96D}.Debug|Any CPU.Build.0 = Debug|Any CPU
		{07D15B3F-FE01-4DBB-83AE-F879C668B96D}.Debug|x64.ActiveCfg = Debug|Any CPU
		{07D15B3F-FE01-4DBB-83AE-F879C668B96D}.Debug|x64.Build.0 = Debug|Any CPU
		{07D15B3F-FE01-4DBB-83AE-F879C668B96D}.Debug|x86.ActiveCfg = Debug|Any CPU
		{07D15B3F-FE01-4DBB-83AE-F879C668B96D}.Debug|x86.Build.0 = Debug|Any CPU
		{07D15B3F-FE01-4DBB-83AE-F879C668B96D}.Release|Any CPU.ActiveCfg = Release|Any CPU
		{07D15B3F-FE01-4DBB-83AE-F879C668B96D}.Release|Any CPU.Build.0 = Release|Any CPU
		{07D15B3F-FE01-4DBB-83AE-F879C668B96D}.Release|x64.ActiveCfg = Release|Any CPU
		{07D15B3F-FE01-4DBB-83AE-F879C668B96D}.Release|x64.Build.0 = Release|Any CPU
		{07D15B3F-FE01-4DBB-83AE-F879C668B96D}.Release|x86.ActiveCfg = Release|Any CPU
		{07D15B3F-FE01-4DBB-83AE-F879C668B96D}.Release|x86.Build.0 = Release|Any CPU
	EndGlobalSection
	GlobalSection(SolutionProperties) = preSolution
		HideSolutionNode = FALSE
	EndGlobalSection
	GlobalSection(NestedProjects) = preSolution
		{07D15B3F-FE01-4DBB-83AE-F879C668B96D} = {0AB3BF05-4346-4AA6-1389-037BE0695223}
	EndGlobalSection
EndGlobal
